
Microsoft Visual Studio Solution File, Format Version 12.00
# Visual Studio Version 18
VisualStudioVersion = 18.2.11415.280 d18.0
MinimumVisualStudioVersion = 10.0.40219.1
Project("{FAE04EC0-301F-11D3-BF4B-00C04F79EFBC}") = "ImageSmall", "ImageSmall.csproj", "{14A1162B-0D79-9575-8526-9C33995A8D42}"
EndProject
Global
	GlobalSection(SolutionConfigurationPlatforms) = preSolution
		Debug|Any CPU = Debug|Any CPU
		Release|Any CPU = Release|Any CPU
	EndGlobalSection
	GlobalSection(ProjectConfigurationPlatforms) = postSolution
		{14A1162B-0D79-9575-8526-9C33995A8D42}.Debug|Any CPU.ActiveCfg = Debug|Any CPU
		{14A1162B-0D79-9575-8526-9C33995A8D42}.Debug|Any CPU.Build.0 = Debug|Any CPU
		{14A1162B-0D79-9575-8526-9C33995A8D42}.Release|Any CPU.ActiveCfg = Release|Any CPU
		{14A1162B-0D79-9575-8526-9C33995A8D42}.Release|Any CPU.Build.0 = Release|Any CPU
	EndGlobalSection
	GlobalSection(SolutionProperties) = preSolution
		HideSolutionNode = FALSE
	EndGlobalSection
	GlobalSection(ExtensibilityGlobals) = postSolution
		SolutionGuid = {1B70450D-6BE3-4F63-AE63-24E1A30AEBE6}
	EndGlobalSection
EndGlobal
